
Microsoft Visual Studio Solution File, Format Version 12.00
# Visual Studio Version 17
VisualStudioVersion = 17.13.35828.75 d17.13
MinimumVisualStudioVersion = 10.0.40219.1
Project("{FAE04EC0-301F-11D3-BF4B-00C04F79EFBC}") = "hive-admin-web", "hive-admin-web.csproj", "{5A5A4132-2A9D-FECC-D4D2-FBE3A4A5CDED}"
EndProject
Global
	GlobalSection(SolutionConfigurationPlatforms) = preSolution
		Debug|Any CPU = Debug|Any CPU
		Release|Any CPU = Release|Any CPU
	EndGlobalSection
	GlobalSection(ProjectConfigurationPlatforms) = postSolution
		{5A5A4132-2A9D-FECC-D4D2-FBE3A4A5CDED}.Debug|Any CPU.ActiveCfg = Debug|Any CPU
		{5A5A4132-2A9D-FECC-D4D2-FBE3A4A5CDED}.Debug|Any CPU.Build.0 = Debug|Any CPU
		{5A5A4132-2A9D-FECC-D4D2-FBE3A4A5CDED}.Release|Any CPU.ActiveCfg = Release|Any CPU
		{5A5A4132-2A9D-FECC-D4D2-FBE3A4A5CDED}.Release|Any CPU.Build.0 = Release|Any CPU
	EndGlobalSection
	GlobalSection(SolutionProperties) = preSolution
		HideSolutionNode = FALSE
	EndGlobalSection
	GlobalSection(ExtensibilityGlobals) = postSolution
		SolutionGuid = {6CD9392A-6D00-49FE-BF1F-4752BE02D1F6}
	EndGlobalSection
EndGlobal
